
Microsoft Visual Studio Solution File, Format Version 12.00
# Visual Studio Version 16
VisualStudioVersion = 16.0.31112.23
MinimumVisualStudioVersion = 10.0.40219.1
Project("{FAE04EC0-301F-11D3-BF4B-00C04F79EFBC}") = "PapaProject", "PapaProject\PapaProject.csproj", "{90AA5EC8-29E8-45E1-9470-BCC548B585CB}"
EndProject
Global
	GlobalSection(SolutionConfigurationPlatforms) = preSolution
		Debug|Any CPU = Debug|Any CPU
		Release|Any CPU = Release|Any CPU
	EndGlobalSection
	GlobalSection(ProjectConfigurationPlatforms) = postSolution
		{90AA5EC8-29E8-45E1-9470-BCC548B585CB}.Debug|Any CPU.ActiveCfg = Debug|Any CPU
		{90AA5EC8-29E8-45E1-9470-BCC548B585CB}.Debug|Any CPU.Build.0 = Debug|Any CPU
		{90AA5EC8-29E8-45E1-9470-BCC548B585CB}.Release|Any CPU.ActiveCfg = Release|Any CPU
		{90AA5EC8-29E8-45E1-9470-BCC548B585CB}.Release|Any CPU.Build.0 = Release|Any CPU
	EndGlobalSection
	GlobalSection(SolutionProperties) = preSolution
		HideSolutionNode = FALSE
	EndGlobalSection
	GlobalSection(ExtensibilityGlobals) = postSolution
		SolutionGuid = {0CBDF0BA-C662-4F65-929A-539C6251F875}
	EndGlobalSection
EndGlobal
